# THIS IS AN AUTOGENERATED FILE. DO NOT EDIT THIS FILE DIRECTLY.
# yarn lockfile v1


"@radix-ui/primitive@1.1.1":
  version "1.1.1"
  resolved "https://registry.yarnpkg.com/@radix-ui/primitive/-/primitive-1.1.1.tgz#fc169732d755c7fbad33ba8d0cd7fd10c90dc8e3"
  integrity sha512-SJ31y+Q/zAyShtXJc8x83i9TYdbAfHZ++tUZnvjJJqFjzsdUnKsxPL6IEtBlxKkU7yzer//GQtZSV4GbldL3YA==

"@radix-ui/react-collapsible@^1.1.2":
  version "1.1.2"
  resolved "https://registry.yarnpkg.com/@radix-ui/react-collapsible/-/react-collapsible-1.1.2.tgz#42477c428bb0d2eec35b9b47601c5ff0a6210165"
  integrity sha512-PliMB63vxz7vggcyq0IxNYk8vGDrLXVWw4+W4B8YnwI1s18x7YZYqlG9PLX7XxAJUi0g2DxP4XKJMFHh/iVh9A==
  dependencies:
    "@radix-ui/primitive" "1.1.1"
    "@radix-ui/react-compose-refs" "1.1.1"
    "@radix-ui/react-context" "1.1.1"
    "@radix-ui/react-id" "1.1.0"
    "@radix-ui/react-presence" "1.1.2"
    "@radix-ui/react-primitive" "2.0.1"
    "@radix-ui/react-use-controllable-state" "1.1.0"
    "@radix-ui/react-use-layout-effect" "1.1.0"

"@radix-ui/react-compose-refs@1.1.1":
  version "1.1.1"
  resolved "https://registry.yarnpkg.com/@radix-ui/react-compose-refs/-/react-compose-refs-1.1.1.tgz#6f766faa975f8738269ebb8a23bad4f5a8d2faec"
  integrity sha512-Y9VzoRDSJtgFMUCoiZBDVo084VQ5hfpXxVE+NgkdNsjiDBByiImMZKKhxMwCbdHvhlENG6a833CbFkOQvTricw==

"@radix-ui/react-context@1.1.1":
  version "1.1.1"
  resolved "https://registry.yarnpkg.com/@radix-ui/react-context/-/react-context-1.1.1.tgz#82074aa83a472353bb22e86f11bcbd1c61c4c71a"
  integrity sha512-UASk9zi+crv9WteK/NU4PLvOoL3OuE6BWVKNF6hPRBtYBDXQ2u5iu3O59zUlJiTVvkyuycnqrztsHVJwcK9K+Q==

"@radix-ui/react-id@1.1.0":
  version "1.1.0"
  resolved "https://registry.yarnpkg.com/@radix-ui/react-id/-/react-id-1.1.0.tgz#de47339656594ad722eb87f94a6b25f9cffae0ed"
  integrity sha512-EJUrI8yYh7WOjNOqpoJaf1jlFIH2LvtgAl+YcFqNCa+4hj64ZXmPkAKOFs/ukjz3byN6bdb/AVUqHkI8/uWWMA==
  dependencies:
    "@radix-ui/react-use-layout-effect" "1.1.0"

"@radix-ui/react-presence@1.1.2":
  version "1.1.2"
  resolved "https://registry.yarnpkg.com/@radix-ui/react-presence/-/react-presence-1.1.2.tgz#bb764ed8a9118b7ec4512da5ece306ded8703cdc"
  integrity sha512-18TFr80t5EVgL9x1SwF/YGtfG+l0BS0PRAlCWBDoBEiDQjeKgnNZRVJp/oVBl24sr3Gbfwc/Qpj4OcWTQMsAEg==
  dependencies:
    "@radix-ui/react-compose-refs" "1.1.1"
    "@radix-ui/react-use-layout-effect" "1.1.0"

"@radix-ui/react-primitive@2.0.1":
  version "2.0.1"
  resolved "https://registry.yarnpkg.com/@radix-ui/react-primitive/-/react-primitive-2.0.1.tgz#6d9efc550f7520135366f333d1e820cf225fad9e"
  integrity sha512-sHCWTtxwNn3L3fH8qAfnF3WbUZycW93SM1j3NFDzXBiz8D6F5UTTy8G1+WFEaiCdvCVRJWj6N2R4Xq6HdiHmDg==
  dependencies:
    "@radix-ui/react-slot" "1.1.1"

"@radix-ui/react-slot@1.1.1":
  version "1.1.1"
  resolved "https://registry.yarnpkg.com/@radix-ui/react-slot/-/react-slot-1.1.1.tgz#ab9a0ffae4027db7dc2af503c223c978706affc3"
  integrity sha512-RApLLOcINYJA+dMVbOju7MYv1Mb2EBp2nH4HdDzXTSyaR5optlm6Otrz1euW3HbdOR8UmmFK06TD+A9frYWv+g==
  dependencies:
    "@radix-ui/react-compose-refs" "1.1.1"

"@radix-ui/react-use-callback-ref@1.1.0":
  version "1.1.0"
  resolved "https://registry.yarnpkg.com/@radix-ui/react-use-callback-ref/-/react-use-callback-ref-1.1.0.tgz#bce938ca413675bc937944b0d01ef6f4a6dc5bf1"
  integrity sha512-CasTfvsy+frcFkbXtSJ2Zu9JHpN8TYKxkgJGWbjiZhFivxaeW7rMeZt7QELGVLaYVfFMsKHjb7Ak0nMEe+2Vfw==

"@radix-ui/react-use-controllable-state@1.1.0":
  version "1.1.0"
  resolved "https://registry.yarnpkg.com/@radix-ui/react-use-controllable-state/-/react-use-controllable-state-1.1.0.tgz#1321446857bb786917df54c0d4d084877aab04b0"
  integrity sha512-MtfMVJiSr2NjzS0Aa90NPTnvTSg6C/JLCV7ma0W6+OMV78vd8OyRpID+Ng9LxzsPbLeuBnWBA1Nq30AtBIDChw==
  dependencies:
    "@radix-ui/react-use-callback-ref" "1.1.0"

"@radix-ui/react-use-layout-effect@1.1.0":
  version "1.1.0"
  resolved "https://registry.yarnpkg.com/@radix-ui/react-use-layout-effect/-/react-use-layout-effect-1.1.0.tgz#3c2c8ce04827b26a39e442ff4888d9212268bd27"
  integrity sha512-+FPE0rOdziWSrH9athwI1R0HDVbWlEhd+FR+aSDk4uWGmSJ9Z54sdZVDQPZAinJhJXwfT+qnj969mCsT2gfm5w==
